{
  "name": "YoutubeLivestream_TextToSpeech",
  "lockfileVersion": 3,
  "requires": true,
  "packages": {
    "": {
      "dependencies": {
        "mpv": "^2.0.1"
      }
    },
    "node_modules/mpv": {
      "version": "2.0.1",
      "resolved": "https://registry.npmjs.org/mpv/-/mpv-2.0.1.tgz",
      "integrity": "sha512-Xs6tBV79em9b5CefO3rI4dmY9MQFE7J1TBsGaRKYJ84EAk0HiiaIat7YzmQ8J3Z1YkvH++4VlxZ+BF0KIulzvA==",
      "dependencies": {
        "prexit": "2.2.0"
      }
    },
    "node_modules/prexit": {
      "version": "2.2.0",
      "resolved": "https://registry.npmjs.org/prexit/-/prexit-2.2.0.tgz",
      "integrity": "sha512-MrkWg5/0XFTM0txQtPFZlhk3qhMtyd+bP1vXJKQqOOYcdQ8/Wl5+G0Utxv69TLfH0PMm/ushn0YTYQ2SH2WzJg=="
    }
  }
}
